{
  "pins" : [
    {
      "identity" : "app-check",
      "kind" : "remoteSourceControl",
      "location" : "https://github.com/google/app-check.git",
      "state" : {
        "revision" : "61b85103a1aeed8218f17c794687781505fbbef5",
        "version" : "11.2.0"
      }
    },
    {
      "identity" : "appauth-ios",
      "kind" : "remoteSourceControl",
      "location" : "https://github.com/openid/AppAuth-iOS.git",
      "state" : {
        "revision" : "2781038865a80e2c425a1da12cc1327bcd56501f",
        "version" : "1.7.6"
      }
    },
    {
      "identity" : "googlesignin-ios",
      "kind" : "remoteSourceControl",
      "location" : "https://github.com/google/GoogleSignIn-iOS.git",
      "state" : {
        "revision" : "65fb3f1aa6ffbfdc79c4e22178a55cd91561f5e9",
        "version" : "8.0.0"
      }
    },
    {
      "identity" : "googleutilities",
      "kind" : "remoteSourceControl",
      "location" : "https://github.com/google/GoogleUtilities.git",
      "state" : {
        "revision" : "60da361632d0de02786f709bdc0c4df340f7613e",
        "version" : "8.1.0"
      }
    },
    {
      "identity" : "gtm-session-fetcher",
      "kind" : "remoteSourceControl",
      "location" : "https://github.com/google/gtm-session-fetcher.git",
      "state" : {
        "revision" : "a2ab612cb980066ee56d90d60d8462992c07f24b",
        "version" : "3.5.0"
      }
    },
    {
      "identity" : "gtmappauth",
      "kind" : "remoteSourceControl",
      "location" : "https://github.com/google/GTMAppAuth.git",
      "state" : {
        "revision" : "5d7d66f647400952b1758b230e019b07c0b4b22a",
        "version" : "4.1.1"
      }
    },
    {
      "identity" : "nwwebsocket",
      "kind" : "remoteSourceControl",
      "location" : "https://github.com/pusher/NWWebSocket.git",
      "state" : {
        "revision" : "3d3b8a24b17a0f079195031ca86af117fc158bef",
        "version" : "0.5.10"
      }
    },
    {
      "identity" : "paystack-sdk-ios",
      "kind" : "remoteSourceControl",
      "location" : "https://github.com/PaystackHQ/paystack-sdk-ios.git",
      "state" : {
        "revision" : "bbbc34a52a1c875fa241db1a8c37499f2d9e23e7",
        "version" : "0.0.5"
      }
    },
    {
      "identity" : "promises",
      "kind" : "remoteSourceControl",
      "location" : "https://github.com/google/promises.git",
      "state" : {
        "revision" : "540318ecedd63d883069ae7f1ed811a2df00b6ac",
        "version" : "2.4.0"
      }
    },
    {
      "identity" : "purchases-hybrid-common",
      "kind" : "remoteSourceControl",
      "location" : "https://github.com/RevenueCat/purchases-hybrid-common.git",
      "state" : {
        "revision" : "aa2bfca14cb6e393a9b2a813a4eed770544b2193",
        "version" : "17.55.1"
      }
    },
    {
      "identity" : "purchases-ios-spm",
      "kind" : "remoteSourceControl",
      "location" : "https://github.com/RevenueCat/purchases-ios-spm",
      "state" : {
        "revision" : "66f81c19e29170cecc1f155c62cd586cf53b8400",
        "version" : "5.67.1"
      }
    },
    {
      "identity" : "pusher-websocket-swift",
      "kind" : "remoteSourceControl",
      "location" : "https://github.com/pusher/pusher-websocket-swift.git",
      "state" : {
        "revision" : "27a9346d3f3c44f2bddf22641bf3c6d75b77d08a",
        "version" : "10.1.10"
      }
    },
    {
      "identity" : "tweetnacl-swiftwrap",
      "kind" : "remoteSourceControl",
      "location" : "https://github.com/pusher/tweetnacl-swiftwrap",
      "state" : {
        "revision" : "92375f83c3af1b8af011d3c0af1001929844b936",
        "version" : "1.2.0"
      }
    }
  ],
  "version" : 2
}
